
Microsoft Visual Studio Solution File, Format Version 12.00
# Visual Studio Version 16
VisualStudioVersion = 16.0.32602.291
MinimumVisualStudioVersion = 10.0.40219.1
Project("{FAE04EC0-301F-11D3-BF4B-00C04F79EFBC}") = "TaskSimpress", "TaskSimpress\TaskSimpress.csproj", "{657DBA10-9043-40B9-BAA6-37ED31D18E5B}"
EndProject
Global
	GlobalSection(SolutionConfigurationPlatforms) = preSolution
		Debug|Any CPU = Debug|Any CPU
		Release|Any CPU = Release|Any CPU
	EndGlobalSection
	GlobalSection(ProjectConfigurationPlatforms) = postSolution
		{657DBA10-9043-40B9-BAA6-37ED31D18E5B}.Debug|Any CPU.ActiveCfg = Debug|Any CPU
		{657DBA10-9043-40B9-BAA6-37ED31D18E5B}.Debug|Any CPU.Build.0 = Debug|Any CPU
		{657DBA10-9043-40B9-BAA6-37ED31D18E5B}.Release|Any CPU.ActiveCfg = Release|Any CPU
		{657DBA10-9043-40B9-BAA6-37ED31D18E5B}.Release|Any CPU.Build.0 = Release|Any CPU
	EndGlobalSection
	GlobalSection(SolutionProperties) = preSolution
		HideSolutionNode = FALSE
	EndGlobalSection
	GlobalSection(ExtensibilityGlobals) = postSolution
		SolutionGuid = {D900E81E-AC34-4565-9388-74B810AA0E26}
	EndGlobalSection
EndGlobal
